// !$*UTF8*$!
{
	archiveVersion = 1;
	classes = {
	};
	objectVersion = 46;
	objects = {

/* Begin PBXBuildFile section */
		CCE5411E1D7AD1B60093B9F7 /* main.m in Sources */ = {isa = PBXBuildFile; fileRef = CCE5411D1D7AD1B60093B9F7 /* main.m */; };
		CCE541211D7AD1B60093B9F7 /* AppDelegate.m in Sources */ = {isa = PBXBuildFile; fileRef = CCE541201D7AD1B60093B9F7 /* AppDelegate.m */; };
		CCE541241D7AD1B60093B9F7 /* ViewController.m in Sources */ = {isa = PBXBuildFile; fileRef = CCE541231D7AD1B60093B9F7 /* ViewController.m */; };
		CCE541271D7AD1B60093B9F7 /* Main.storyboard in Resources */ = {isa = PBXBuildFile; fileRef = CCE541251D7AD1B60093B9F7 /* Main.storyboard */; };
		CCE541291D7AD1B60093B9F7 /* Assets.xcassets in Resources */ = {isa = PBXBuildFile; fileRef = CCE541281D7AD1B60093B9F7 /* Assets.xcassets */; };
		CCE5412C1D7AD1B60093B9F7 /* LaunchScreen.storyboard in Resources */ = {isa = PBXBuildFile; fileRef = CCE5412A1D7AD1B60093B9F7 /* LaunchScreen.storyboard */; };
		CCE541371D7AD1B60093B9F7 /* LGNetWorkingTests.m in Sources */ = {isa = PBXBuildFile; fileRef = CCE541361D7AD1B60093B9F7 /* LGNetWorkingTests.m */; };
		CCE541421D7AD1B60093B9F7 /* LGNetWorkingUITests.m in Sources */ = {isa = PBXBuildFile; fileRef = CCE541411D7AD1B60093B9F7 /* LGNetWorkingUITests.m */; };
		CCE541551D7AD2620093B9F7 /* MBProgressHUD.m in Sources */ = {isa = PBXBuildFile; fileRef = CCE541541D7AD2620093B9F7 /* MBProgressHUD.m */; };
		CCE5417C1D7AD26C0093B9F7 /* AFHTTPSessionManager.m in Sources */ = {isa = PBXBuildFile; fileRef = CCE541591D7AD26C0093B9F7 /* AFHTTPSessionManager.m */; };
		CCE5417D1D7AD26C0093B9F7 /* AFNetworkReachabilityManager.m in Sources */ = {isa = PBXBuildFile; fileRef = CCE5415C1D7AD26C0093B9F7 /* AFNetworkReachabilityManager.m */; };
		CCE5417E1D7AD26C0093B9F7 /* AFSecurityPolicy.m in Sources */ = {isa = PBXBuildFile; fileRef = CCE5415E1D7AD26C0093B9F7 /* AFSecurityPolicy.m */; };
		CCE5417F1D7AD26C0093B9F7 /* AFURLRequestSerialization.m in Sources */ = {isa = PBXBuildFile; fileRef = CCE541601D7AD26C0093B9F7 /* AFURLRequestSerialization.m */; };
		CCE541801D7AD26C0093B9F7 /* AFURLResponseSerialization.m in Sources */ = {isa = PBXBuildFile; fileRef = CCE541621D7AD26C0093B9F7 /* AFURLResponseSerialization.m */; };
		CCE541811D7AD26C0093B9F7 /* AFURLSessionManager.m in Sources */ = {isa = PBXBuildFile; fileRef = CCE541641D7AD26C0093B9F7 /* AFURLSessionManager.m */; };
		CCE541821D7AD26C0093B9F7 /* LICENSE in Resources */ = {isa = PBXBuildFile; fileRef = CCE541651D7AD26C0093B9F7 /* LICENSE */; };
		CCE541831D7AD26C0093B9F7 /* README.md in Sources */ = {isa = PBXBuildFile; fileRef = CCE541661D7AD26C0093B9F7 /* README.md */; };
		CCE541841D7AD26C0093B9F7 /* AFAutoPurgingImageCache.m in Sources */ = {isa = PBXBuildFile; fileRef = CCE541691D7AD26C0093B9F7 /* AFAutoPurgingImageCache.m */; };
		CCE541851D7AD26C0093B9F7 /* AFImageDownloader.m in Sources */ = {isa = PBXBuildFile; fileRef = CCE5416B1D7AD26C0093B9F7 /* AFImageDownloader.m */; };
		CCE541861D7AD26C0093B9F7 /* AFNetworkActivityIndicatorManager.m in Sources */ = {isa = PBXBuildFile; fileRef = CCE5416D1D7AD26C0093B9F7 /* AFNetworkActivityIndicatorManager.m */; };
		CCE541871D7AD26C0093B9F7 /* UIActivityIndicatorView+AFNetworking.m in Sources */ = {isa = PBXBuildFile; fileRef = CCE5416F1D7AD26C0093B9F7 /* UIActivityIndicatorView+AFNetworking.m */; };
		CCE541881D7AD26C0093B9F7 /* UIButton+AFNetworking.m in Sources */ = {isa = PBXBuildFile; fileRef = CCE541711D7AD26C0093B9F7 /* UIButton+AFNetworking.m */; };
		CCE541891D7AD26C0093B9F7 /* UIImageView+AFNetworking.m in Sources */ = {isa = PBXBuildFile; fileRef = CCE541741D7AD26C0093B9F7 /* UIImageView+AFNetworking.m */; };
		CCE5418A1D7AD26C0093B9F7 /* UIProgressView+AFNetworking.m in Sources */ = {isa = PBXBuildFile; fileRef = CCE541771D7AD26C0093B9F7 /* UIProgressView+AFNetworking.m */; };
		CCE5418B1D7AD26C0093B9F7 /* UIRefreshControl+AFNetworking.m in Sources */ = {isa = PBXBuildFile; fileRef = CCE541791D7AD26C0093B9F7 /* UIRefreshControl+AFNetworking.m */; };
		CCE5418C1D7AD26C0093B9F7 /* UIWebView+AFNetworking.m in Sources */ = {isa = PBXBuildFile; fileRef = CCE5417B1D7AD26C0093B9F7 /* UIWebView+AFNetworking.m */; };
		CCE541901D7AD33C0093B9F7 /* LGNetClient.m in Sources */ = {isa = PBXBuildFile; fileRef = CCE5418F1D7AD33C0093B9F7 /* LGNetClient.m */; };
		CCE541931D7AD3770093B9F7 /* NSObject+Cache.m in Sources */ = {isa = PBXBuildFile; fileRef = CCE541921D7AD3770093B9F7 /* NSObject+Cache.m */; };
		CCE541971D7ADE760093B9F7 /* NSString+MD5.m in Sources */ = {isa = PBXBuildFile; fileRef = CCE541961D7ADE760093B9F7 /* NSString+MD5.m */; };
		CCE5419A1D7B29830093B9F7 /* LGNetManager.m in Sources */ = {isa = PBXBuildFile; fileRef = CCE541991D7B29830093B9F7 /* LGNetManager.m */; };
/* End PBXBuildFile section */

/* Begin PBXContainerItemProxy section */
		CCE541331D7AD1B60093B9F7 /* PBXContainerItemProxy */ = {
			isa = PBXContainerItemProxy;
			containerPortal = CCE541111D7AD1B60093B9F7 /* Project object */;
			proxyType = 1;
			remoteGlobalIDString = CCE541181D7AD1B60093B9F7;
			remoteInfo = LGNetWorking;
		};
		CCE5413E1D7AD1B60093B9F7 /* PBXContainerItemProxy */ = {
			isa = PBXContainerItemProxy;
			containerPortal = CCE541111D7AD1B60093B9F7 /* Project object */;
			proxyType = 1;
			remoteGlobalIDString = CCE541181D7AD1B60093B9F7;
			remoteInfo = LGNetWorking;
		};
/* End PBXContainerItemProxy section */

/* Begin PBXFileReference section */
		CCE541191D7AD1B60093B9F7 /* LGNetWorking.app */ = {isa = PBXFileReference; explicitFileType = wrapper.application; includeInIndex = 0; path = LGNetWorking.app; sourceTree = BUILT_PRODUCTS_DIR; };
		CCE5411D1D7AD1B60093B9F7 /* main.m */ = {isa = PBXFileReference; lastKnownFileType = sourcecode.c.objc; path = main.m; sourceTree = "<group>"; };
		CCE5411F1D7AD1B60093B9F7 /* AppDelegate.h */ = {isa = PBXFileReference; lastKnownFileType = sourcecode.c.h; path = AppDelegate.h; sourceTree = "<group>"; };
		CCE541201D7AD1B60093B9F7 /* AppDelegate.m */ = {isa = PBXFileReference; lastKnownFileType = sourcecode.c.objc; path = AppDelegate.m; sourceTree = "<group>"; };
		CCE541221D7AD1B60093B9F7 /* ViewController.h */ = {isa = PBXFileReference; lastKnownFileType = sourcecode.c.h; path = ViewController.h; sourceTree = "<group>"; };
		CCE541231D7AD1B60093B9F7 /* ViewController.m */ = {isa = PBXFileReference; lastKnownFileType = sourcecode.c.objc; path = ViewController.m; sourceTree = "<group>"; };
		CCE541261D7AD1B60093B9F7 /* Base */ = {isa = PBXFileReference; lastKnownFileType = file.storyboard; name = Base; path = Base.lproj/Main.storyboard; sourceTree = "<group>"; };
		CCE541281D7AD1B60093B9F7 /* Assets.xcassets */ = {isa = PBXFileReference; lastKnownFileType = folder.assetcatalog; path = Assets.xcassets; sourceTree = "<group>"; };
		CCE5412B1D7AD1B60093B9F7 /* Base */ = {isa = PBXFileReference; lastKnownFileType = file.storyboard; name = Base; path = Base.lproj/LaunchScreen.storyboard; sourceTree = "<group>"; };
		CCE5412D1D7AD1B60093B9F7 /* Info.plist */ = {isa = PBXFileReference; lastKnownFileType = text.plist.xml; path = Info.plist; sourceTree = "<group>"; };
		CCE541321D7AD1B60093B9F7 /* LGNetWorkingTests.xctest */ = {isa = PBXFileReference; explicitFileType = wrapper.cfbundle; includeInIndex = 0; path = LGNetWorkingTests.xctest; sourceTree = BUILT_PRODUCTS_DIR; };
		CCE541361D7AD1B60093B9F7 /* LGNetWorkingTests.m */ = {isa = PBXFileReference; lastKnownFileType = sourcecode.c.objc; path = LGNetWorkingTests.m; sourceTree = "<group>"; };
		CCE541381D7AD1B60093B9F7 /* Info.plist */ = {isa = PBXFileReference; lastKnownFileType = text.plist.xml; path = Info.plist; sourceTree = "<group>"; };
		CCE5413D1D7AD1B60093B9F7 /* LGNetWorkingUITests.xctest */ = {isa = PBXFileReference; explicitFileType = wrapper.cfbundle; includeInIndex = 0; path = LGNetWorkingUITests.xctest; sourceTree = BUILT_PRODUCTS_DIR; };
		CCE541411D7AD1B60093B9F7 /* LGNetWorkingUITests.m */ = {isa = PBXFileReference; lastKnownFileType = sourcecode.c.objc; path = LGNetWorkingUITests.m; sourceTree = "<group>"; };
		CCE541431D7AD1B60093B9F7 /* Info.plist */ = {isa = PBXFileReference; lastKnownFileType = text.plist.xml; path = Info.plist; sourceTree = "<group>"; };
		CCE541531D7AD2620093B9F7 /* MBProgressHUD.h */ = {isa = PBXFileReference; fileEncoding = 4; lastKnownFileType = sourcecode.c.h; path = MBProgressHUD.h; sourceTree = "<group>"; };
		CCE541541D7AD2620093B9F7 /* MBProgressHUD.m */ = {isa = PBXFileReference; fileEncoding = 4; lastKnownFileType = sourcecode.c.objc; path = MBProgressHUD.m; sourceTree = "<group>"; };
		CCE541581D7AD26C0093B9F7 /* AFHTTPSessionManager.h */ = {isa = PBXFileReference; fileEncoding = 4; lastKnownFileType = sourcecode.c.h; path = AFHTTPSessionManager.h; sourceTree = "<group>"; };
		CCE541591D7AD26C0093B9F7 /* AFHTTPSessionManager.m */ = {isa = PBXFileReference; fileEncoding = 4; lastKnownFileType = sourcecode.c.objc; path = AFHTTPSessionManager.m; sourceTree = "<group>"; };
		CCE5415A1D7AD26C0093B9F7 /* AFNetworking.h */ = {isa = PBXFileReference; fileEncoding = 4; lastKnownFileType = sourcecode.c.h; path = AFNetworking.h; sourceTree = "<group>"; };
		CCE5415B1D7AD26C0093B9F7 /* AFNetworkReachabilityManager.h */ = {isa = PBXFileReference; fileEncoding = 4; lastKnownFileType = sourcecode.c.h; path = AFNetworkReachabilityManager.h; sourceTree = "<group>"; };
		CCE5415C1D7AD26C0093B9F7 /* AFNetworkReachabilityManager.m */ = {isa = PBXFileReference; fileEncoding = 4; lastKnownFileType = sourcecode.c.objc; path = AFNetworkReachabilityManager.m; sourceTree = "<group>"; };
		CCE5415D1D7AD26C0093B9F7 /* AFSecurityPolicy.h */ = {isa = PBXFileReference; fileEncoding = 4; lastKnownFileType = sourcecode.c.h; path = AFSecurityPolicy.h; sourceTree = "<group>"; };
		CCE5415E1D7AD26C0093B9F7 /* AFSecurityPolicy.m */ = {isa = PBXFileReference; fileEncoding = 4; lastKnownFileType = sourcecode.c.objc; path = AFSecurityPolicy.m; sourceTree = "<group>"; };
		CCE5415F1D7AD26C0093B9F7 /* AFURLRequestSerialization.h */ = {isa = PBXFileReference; fileEncoding = 4; lastKnownFileType = sourcecode.c.h; path = AFURLRequestSerialization.h; sourceTree = "<group>"; };
		CCE541601D7AD26C0093B9F7 /* AFURLRequestSerialization.m */ = {isa = PBXFileReference; fileEncoding = 4; lastKnownFileType = sourcecode.c.objc; path = AFURLRequestSerialization.m; sourceTree = "<group>"; };
		CCE541611D7AD26C0093B9F7 /* AFURLResponseSerialization.h */ = {isa = PBXFileReference; fileEncoding = 4; lastKnownFileType = sourcecode.c.h; path = AFURLResponseSerialization.h; sourceTree = "<group>"; };
		CCE541621D7AD26C0093B9F7 /* AFURLResponseSerialization.m */ = {isa = PBXFileReference; fileEncoding = 4; lastKnownFileType = sourcecode.c.objc; path = AFURLResponseSerialization.m; sourceTree = "<group>"; };
		CCE541631D7AD26C0093B9F7 /* AFURLSessionManager.h */ = {isa = PBXFileReference; fileEncoding = 4; lastKnownFileType = sourcecode.c.h; path = AFURLSessionManager.h; sourceTree = "<group>"; };
		CCE541641D7AD26C0093B9F7 /* AFURLSessionManager.m */ = {isa = PBXFileReference; fileEncoding = 4; lastKnownFileType = sourcecode.c.objc; path = AFURLSessionManager.m; sourceTree = "<group>"; };
		CCE541651D7AD26C0093B9F7 /* LICENSE */ = {isa = PBXFileReference; fileEncoding = 4; lastKnownFileType = text; path = LICENSE; sourceTree = "<group>"; };
		CCE541661D7AD26C0093B9F7 /* README.md */ = {isa = PBXFileReference; fileEncoding = 4; lastKnownFileType = net.daringfireball.markdown; path = README.md; sourceTree = "<group>"; };
		CCE541681D7AD26C0093B9F7 /* AFAutoPurgingImageCache.h */ = {isa = PBXFileReference; fileEncoding = 4; lastKnownFileType = sourcecode.c.h; path = AFAutoPurgingImageCache.h; sourceTree = "<group>"; };
		CCE541691D7AD26C0093B9F7 /* AFAutoPurgingImageCache.m */ = {isa = PBXFileReference; fileEncoding = 4; lastKnownFileType = sourcecode.c.objc; path = AFAutoPurgingImageCache.m; sourceTree = "<group>"; };
		CCE5416A1D7AD26C0093B9F7 /* AFImageDownloader.h */ = {isa = PBXFileReference; fileEncoding = 4; lastKnownFileType = sourcecode.c.h; path = AFImageDownloader.h; sourceTree = "<group>"; };
		CCE5416B1D7AD26C0093B9F7 /* AFImageDownloader.m */ = {isa = PBXFileReference; fileEncoding = 4; lastKnownFileType = sourcecode.c.objc; path = AFImageDownloader.m; sourceTree = "<group>"; };
		CCE5416C1D7AD26C0093B9F7 /* AFNetworkActivityIndicatorManager.h */ = {isa = PBXFileReference; fileEncoding = 4; lastKnownFileType = sourcecode.c.h; path = AFNetworkActivityIndicatorManager.h; sourceTree = "<group>"; };
		CCE5416D1D7AD26C0093B9F7 /* AFNetworkActivityIndicatorManager.m */ = {isa = PBXFileReference; fileEncoding = 4; lastKnownFileType = sourcecode.c.objc; path = AFNetworkActivityIndicatorManager.m; sourceTree = "<group>"; };
		CCE5416E1D7AD26C0093B9F7 /* UIActivityIndicatorView+AFNetworking.h */ = {isa = PBXFileReference; fileEncoding = 4; lastKnownFileType = sourcecode.c.h; path = "UIActivityIndicatorView+AFNetworking.h"; sourceTree = "<group>"; };
		CCE5416F1D7AD26C0093B9F7 /* UIActivityIndicatorView+AFNetworking.m */ = {isa = PBXFileReference; fileEncoding = 4; lastKnownFileType = sourcecode.c.objc; path = "UIActivityIndicatorView+AFNetworking.m"; sourceTree = "<group>"; };
		CCE541701D7AD26C0093B9F7 /* UIButton+AFNetworking.h */ = {isa = PBXFileReference; fileEncoding = 4; lastKnownFileType = sourcecode.c.h; path = "UIButton+AFNetworking.h"; sourceTree = "<group>"; };
		CCE541711D7AD26C0093B9F7 /* UIButton+AFNetworking.m */ = {isa = PBXFileReference; fileEncoding = 4; lastKnownFileType = sourcecode.c.objc; path = "UIButton+AFNetworking.m"; sourceTree = "<group>"; };
		CCE541721D7AD26C0093B9F7 /* UIImage+AFNetworking.h */ = {isa = PBXFileReference; fileEncoding = 4; lastKnownFileType = sourcecode.c.h; path = "UIImage+AFNetworking.h"; sourceTree = "<group>"; };
		CCE541731D7AD26C0093B9F7 /* UIImageView+AFNetworking.h */ = {isa = PBXFileReference; fileEncoding = 4; lastKnownFileType = sourcecode.c.h; path = "UIImageView+AFNetworking.h"; sourceTree = "<group>"; };
		CCE541741D7AD26C0093B9F7 /* UIImageView+AFNetworking.m */ = {isa = PBXFileReference; fileEncoding = 4; lastKnownFileType = sourcecode.c.objc; path = "UIImageView+AFNetworking.m"; sourceTree = "<group>"; };
		CCE541751D7AD26C0093B9F7 /* UIKit+AFNetworking.h */ = {isa = PBXFileReference; fileEncoding = 4; lastKnownFileType = sourcecode.c.h; path = "UIKit+AFNetworking.h"; sourceTree = "<group>"; };
		CCE541761D7AD26C0093B9F7 /* UIProgressView+AFNetworking.h */ = {isa = PBXFileReference; fileEncoding = 4; lastKnownFileType = sourcecode.c.h; path = "UIProgressView+AFNetworking.h"; sourceTree = "<group>"; };
		CCE541771D7AD26C0093B9F7 /* UIProgressView+AFNetworking.m */ = {isa = PBXFileReference; fileEncoding = 4; lastKnownFileType = sourcecode.c.objc; path = "UIProgressView+AFNetworking.m"; sourceTree = "<group>"; };
		CCE541781D7AD26C0093B9F7 /* UIRefreshControl+AFNetworking.h */ = {isa = PBXFileReference; fileEncoding = 4; lastKnownFileType = sourcecode.c.h; path = "UIRefreshControl+AFNetworking.h"; sourceTree = "<group>"; };
		CCE541791D7AD26C0093B9F7 /* UIRefreshControl+AFNetworking.m */ = {isa = PBXFileReference; fileEncoding = 4; lastKnownFileType = sourcecode.c.objc; path = "UIRefreshControl+AFNetworking.m"; sourceTree = "<group>"; };
		CCE5417A1D7AD26C0093B9F7 /* UIWebView+AFNetworking.h */ = {isa = PBXFileReference; fileEncoding = 4; lastKnownFileType = sourcecode.c.h; path = "UIWebView+AFNetworking.h"; sourceTree = "<group>"; };
		CCE5417B1D7AD26C0093B9F7 /* UIWebView+AFNetworking.m */ = {isa = PBXFileReference; fileEncoding = 4; lastKnownFileType = sourcecode.c.objc; path = "UIWebView+AFNetworking.m"; sourceTree = "<group>"; };
		CCE5418E1D7AD33C0093B9F7 /* LGNetClient.h */ = {isa = PBXFileReference; fileEncoding = 4; lastKnownFileType = sourcecode.c.h; path = LGNetClient.h; sourceTree = "<group>"; };
		CCE5418F1D7AD33C0093B9F7 /* LGNetClient.m */ = {isa = PBXFileReference; fileEncoding = 4; lastKnownFileType = sourcecode.c.objc; path = LGNetClient.m; sourceTree = "<group>"; };
		CCE541911D7AD3770093B9F7 /* NSObject+Cache.h */ = {isa = PBXFileReference; fileEncoding = 4; lastKnownFileType = sourcecode.c.h; path = "NSObject+Cache.h"; sourceTree = "<group>"; };
		CCE541921D7AD3770093B9F7 /* NSObject+Cache.m */ = {isa = PBXFileReference; fileEncoding = 4; lastKnownFileType = sourcecode.c.objc; path = "NSObject+Cache.m"; sourceTree = "<group>"; };
		CCE541951D7ADE760093B9F7 /* NSString+MD5.h */ = {isa = PBXFileReference; fileEncoding = 4; lastKnownFileType = sourcecode.c.h; path = "NSString+MD5.h"; sourceTree = "<group>"; };
		CCE541961D7ADE760093B9F7 /* NSString+MD5.m */ = {isa = PBXFileReference; fileEncoding = 4; lastKnownFileType = sourcecode.c.objc; path = "NSString+MD5.m"; sourceTree = "<group>"; };
		CCE541981D7B29830093B9F7 /* LGNetManager.h */ = {isa = PBXFileReference; fileEncoding = 4; lastKnownFileType = sourcecode.c.h; path = LGNetManager.h; sourceTree = "<group>"; };
		CCE541991D7B29830093B9F7 /* LGNetManager.m */ = {isa = PBXFileReference; fileEncoding = 4; lastKnownFileType = sourcecode.c.objc; path = LGNetManager.m; sourceTree = "<group>"; };
/* End PBXFileReference section */

/* Begin PBXFrameworksBuildPhase section */
		CCE541161D7AD1B60093B9F7 /* Frameworks */ = {
			isa = PBXFrameworksBuildPhase;
			buildActionMask = 2147483647;
			files = (
			);
			runOnlyForDeploymentPostprocessing = 0;
		};
		CCE5412F1D7AD1B60093B9F7 /* Frameworks */ = {
			isa = PBXFrameworksBuildPhase;
			buildActionMask = 2147483647;
			files = (
			);
			runOnlyForDeploymentPostprocessing = 0;
		};
		CCE5413A1D7AD1B60093B9F7 /* Frameworks */ = {
			isa = PBXFrameworksBuildPhase;
			buildActionMask = 2147483647;
			files = (
			);
			runOnlyForDeploymentPostprocessing = 0;
		};
/* End PBXFrameworksBuildPhase section */

/* Begin PBXGroup section */
		CCE541101D7AD1B60093B9F7 = {
			isa = PBXGroup;
			children = (
				CCE5411B1D7AD1B60093B9F7 /* LGNetWorking */,
				CCE541351D7AD1B60093B9F7 /* LGNetWorkingTests */,
				CCE541401D7AD1B60093B9F7 /* LGNetWorkingUITests */,
				CCE5411A1D7AD1B60093B9F7 /* Products */,
			);
			sourceTree = "<group>";
		};
		CCE5411A1D7AD1B60093B9F7 /* Products */ = {
			isa = PBXGroup;
			children = (
				CCE541191D7AD1B60093B9F7 /* LGNetWorking.app */,
				CCE541321D7AD1B60093B9F7 /* LGNetWorkingTests.xctest */,
				CCE5413D1D7AD1B60093B9F7 /* LGNetWorkingUITests.xctest */,
			);
			name = Products;
			sourceTree = "<group>";
		};
		CCE5411B1D7AD1B60093B9F7 /* LGNetWorking */ = {
			isa = PBXGroup;
			children = (
				CCE5411F1D7AD1B60093B9F7 /* AppDelegate.h */,
				CCE541201D7AD1B60093B9F7 /* AppDelegate.m */,
				CCE541221D7AD1B60093B9F7 /* ViewController.h */,
				CCE541231D7AD1B60093B9F7 /* ViewController.m */,
				CCE541941D7ADE5B0093B9F7 /* Category */,
				CCE5418D1D7AD2870093B9F7 /* NetTools */,
				CCE5414F1D7AD1D30093B9F7 /* Lib */,
				CCE541251D7AD1B60093B9F7 /* Main.storyboard */,
				CCE541281D7AD1B60093B9F7 /* Assets.xcassets */,
				CCE5412A1D7AD1B60093B9F7 /* LaunchScreen.storyboard */,
				CCE5412D1D7AD1B60093B9F7 /* Info.plist */,
				CCE5411C1D7AD1B60093B9F7 /* Supporting Files */,
			);
			path = LGNetWorking;
			sourceTree = "<group>";
		};
		CCE5411C1D7AD1B60093B9F7 /* Supporting Files */ = {
			isa = PBXGroup;
			children = (
				CCE5411D1D7AD1B60093B9F7 /* main.m */,
			);
			name = "Supporting Files";
			sourceTree = "<group>";
		};
		CCE541351D7AD1B60093B9F7 /* LGNetWorkingTests */ = {
			isa = PBXGroup;
			children = (
				CCE541361D7AD1B60093B9F7 /* LGNetWorkingTests.m */,
				CCE541381D7AD1B60093B9F7 /* Info.plist */,
			);
			path = LGNetWorkingTests;
			sourceTree = "<group>";
		};
		CCE541401D7AD1B60093B9F7 /* LGNetWorkingUITests */ = {
			isa = PBXGroup;
			children = (
				CCE541411D7AD1B60093B9F7 /* LGNetWorkingUITests.m */,
				CCE541431D7AD1B60093B9F7 /* Info.plist */,
			);
			path = LGNetWorkingUITests;
			sourceTree = "<group>";
		};
		CCE5414F1D7AD1D30093B9F7 /* Lib */ = {
			isa = PBXGroup;
			children = (
				CCE541561D7AD26C0093B9F7 /* AFNetworking */,
				CCE541521D7AD2620093B9F7 /* MBProgressHUD */,
			);
			name = Lib;
			sourceTree = "<group>";
		};
		CCE541521D7AD2620093B9F7 /* MBProgressHUD */ = {
			isa = PBXGroup;
			children = (
				CCE541531D7AD2620093B9F7 /* MBProgressHUD.h */,
				CCE541541D7AD2620093B9F7 /* MBProgressHUD.m */,
			);
			path = MBProgressHUD;
			sourceTree = "<group>";
		};
		CCE541561D7AD26C0093B9F7 /* AFNetworking */ = {
			isa = PBXGroup;
			children = (
				CCE541571D7AD26C0093B9F7 /* AFNetworking */,
				CCE541651D7AD26C0093B9F7 /* LICENSE */,
				CCE541661D7AD26C0093B9F7 /* README.md */,
				CCE541671D7AD26C0093B9F7 /* UIKit+AFNetworking */,
			);
			path = AFNetworking;
			sourceTree = "<group>";
		};
		CCE541571D7AD26C0093B9F7 /* AFNetworking */ = {
			isa = PBXGroup;
			children = (
				CCE541581D7AD26C0093B9F7 /* AFHTTPSessionManager.h */,
				CCE541591D7AD26C0093B9F7 /* AFHTTPSessionManager.m */,
				CCE5415A1D7AD26C0093B9F7 /* AFNetworking.h */,
				CCE5415B1D7AD26C0093B9F7 /* AFNetworkReachabilityManager.h */,
				CCE5415C1D7AD26C0093B9F7 /* AFNetworkReachabilityManager.m */,
				CCE5415D1D7AD26C0093B9F7 /* AFSecurityPolicy.h */,
				CCE5415E1D7AD26C0093B9F7 /* AFSecurityPolicy.m */,
				CCE5415F1D7AD26C0093B9F7 /* AFURLRequestSerialization.h */,
				CCE541601D7AD26C0093B9F7 /* AFURLRequestSerialization.m */,
				CCE541611D7AD26C0093B9F7 /* AFURLResponseSerialization.h */,
				CCE541621D7AD26C0093B9F7 /* AFURLResponseSerialization.m */,
				CCE541631D7AD26C0093B9F7 /* AFURLSessionManager.h */,
				CCE541641D7AD26C0093B9F7 /* AFURLSessionManager.m */,
			);
			path = AFNetworking;
			sourceTree = "<group>";
		};
		CCE541671D7AD26C0093B9F7 /* UIKit+AFNetworking */ = {
			isa = PBXGroup;
			children = (
				CCE541681D7AD26C0093B9F7 /* AFAutoPurgingImageCache.h */,
				CCE541691D7AD26C0093B9F7 /* AFAutoPurgingImageCache.m */,
				CCE5416A1D7AD26C0093B9F7 /* AFImageDownloader.h */,
				CCE5416B1D7AD26C0093B9F7 /* AFImageDownloader.m */,
				CCE5416C1D7AD26C0093B9F7 /* AFNetworkActivityIndicatorManager.h */,
				CCE5416D1D7AD26C0093B9F7 /* AFNetworkActivityIndicatorManager.m */,
				CCE5416E1D7AD26C0093B9F7 /* UIActivityIndicatorView+AFNetworking.h */,
				CCE5416F1D7AD26C0093B9F7 /* UIActivityIndicatorView+AFNetworking.m */,
				CCE541701D7AD26C0093B9F7 /* UIButton+AFNetworking.h */,
				CCE541711D7AD26C0093B9F7 /* UIButton+AFNetworking.m */,
				CCE541721D7AD26C0093B9F7 /* UIImage+AFNetworking.h */,
				CCE541731D7AD26C0093B9F7 /* UIImageView+AFNetworking.h */,
				CCE541741D7AD26C0093B9F7 /* UIImageView+AFNetworking.m */,
				CCE541751D7AD26C0093B9F7 /* UIKit+AFNetworking.h */,
				CCE541761D7AD26C0093B9F7 /* UIProgressView+AFNetworking.h */,
				CCE541771D7AD26C0093B9F7 /* UIProgressView+AFNetworking.m */,
				CCE541781D7AD26C0093B9F7 /* UIRefreshControl+AFNetworking.h */,
				CCE541791D7AD26C0093B9F7 /* UIRefreshControl+AFNetworking.m */,
				CCE5417A1D7AD26C0093B9F7 /* UIWebView+AFNetworking.h */,
				CCE5417B1D7AD26C0093B9F7 /* UIWebView+AFNetworking.m */,
			);
			path = "UIKit+AFNetworking";
			sourceTree = "<group>";
		};
		CCE5418D1D7AD2870093B9F7 /* NetTools */ = {
			isa = PBXGroup;
			children = (
				CCE541981D7B29830093B9F7 /* LGNetManager.h */,
				CCE541991D7B29830093B9F7 /* LGNetManager.m */,
				CCE5418E1D7AD33C0093B9F7 /* LGNetClient.h */,
				CCE5418F1D7AD33C0093B9F7 /* LGNetClient.m */,
				CCE541911D7AD3770093B9F7 /* NSObject+Cache.h */,
				CCE541921D7AD3770093B9F7 /* NSObject+Cache.m */,
			);
			name = NetTools;
			sourceTree = "<group>";
		};
		CCE541941D7ADE5B0093B9F7 /* Category */ = {
			isa = PBXGroup;
			children = (
				CCE541951D7ADE760093B9F7 /* NSString+MD5.h */,
				CCE541961D7ADE760093B9F7 /* NSString+MD5.m */,
			);
			name = Category;
			sourceTree = "<group>";
		};
/* End PBXGroup section */

/* Begin PBXNativeTarget section */
		CCE541181D7AD1B60093B9F7 /* LGNetWorking */ = {
			isa = PBXNativeTarget;
			buildConfigurationList = CCE541461D7AD1B60093B9F7 /* Build configuration list for PBXNativeTarget "LGNetWorking" */;
			buildPhases = (
				CCE541151D7AD1B60093B9F7 /* Sources */,
				CCE541161D7AD1B60093B9F7 /* Frameworks */,
				CCE541171D7AD1B60093B9F7 /* Resources */,
			);
			buildRules = (
			);
			dependencies = (
			);
			name = LGNetWorking;
			productName = LGNetWorking;
			productReference = CCE541191D7AD1B60093B9F7 /* LGNetWorking.app */;
			productType = "com.apple.product-type.application";
		};
		CCE541311D7AD1B60093B9F7 /* LGNetWorkingTests */ = {
			isa = PBXNativeTarget;
			buildConfigurationList = CCE541491D7AD1B60093B9F7 /* Build configuration list for PBXNativeTarget "LGNetWorkingTests" */;
			buildPhases = (
				CCE5412E1D7AD1B60093B9F7 /* Sources */,
				CCE5412F1D7AD1B60093B9F7 /* Frameworks */,
				CCE541301D7AD1B60093B9F7 /* Resources */,
			);
			buildRules = (
			);
			dependencies = (
				CCE541341D7AD1B60093B9F7 /* PBXTargetDependency */,
			);
			name = LGNetWorkingTests;
			productName = LGNetWorkingTests;
			productReference = CCE541321D7AD1B60093B9F7 /* LGNetWorkingTests.xctest */;
			productType = "com.apple.product-type.bundle.unit-test";
		};
		CCE5413C1D7AD1B60093B9F7 /* LGNetWorkingUITests */ = {
			isa = PBXNativeTarget;
			buildConfigurationList = CCE5414C1D7AD1B60093B9F7 /* Build configuration list for PBXNativeTarget "LGNetWorkingUITests" */;
			buildPhases = (
				CCE541391D7AD1B60093B9F7 /* Sources */,
				CCE5413A1D7AD1B60093B9F7 /* Frameworks */,
				CCE5413B1D7AD1B60093B9F7 /* Resources */,
			);
			buildRules = (
			);
			dependencies = (
				CCE5413F1D7AD1B60093B9F7 /* PBXTargetDependency */,
			);
			name = LGNetWorkingUITests;
			productName = LGNetWorkingUITests;
			productReference = CCE5413D1D7AD1B60093B9F7 /* LGNetWorkingUITests.xctest */;
			productType = "com.apple.product-type.bundle.ui-testing";
		};
/* End PBXNativeTarget section */

/* Begin PBXProject section */
		CCE541111D7AD1B60093B9F7 /* Project object */ = {
			isa = PBXProject;
			attributes = {
				LastUpgradeCheck = 0730;
				ORGANIZATIONNAME = coco;
				TargetAttributes = {
					CCE541181D7AD1B60093B9F7 = {
						CreatedOnToolsVersion = 7.3.1;
					};
					CCE541311D7AD1B60093B9F7 = {
						CreatedOnToolsVersion = 7.3.1;
						TestTargetID = CCE541181D7AD1B60093B9F7;
					};
					CCE5413C1D7AD1B60093B9F7 = {
						CreatedOnToolsVersion = 7.3.1;
						TestTargetID = CCE541181D7AD1B60093B9F7;
					};
				};
			};
			buildConfigurationList = CCE541141D7AD1B60093B9F7 /* Build configuration list for PBXProject "LGNetWorking" */;
			compatibilityVersion = "Xcode 3.2";
			developmentRegion = English;
			hasScannedForEncodings = 0;
			knownRegions = (
				en,
				Base,
			);
			mainGroup = CCE541101D7AD1B60093B9F7;
			productRefGroup = CCE5411A1D7AD1B60093B9F7 /* Products */;
			projectDirPath = "";
			projectRoot = "";
			targets = (
				CCE541181D7AD1B60093B9F7 /* LGNetWorking */,
				CCE541311D7AD1B60093B9F7 /* LGNetWorkingTests */,
				CCE5413C1D7AD1B60093B9F7 /* LGNetWorkingUITests */,
			);
		};
/* End PBXProject section */

/* Begin PBXResourcesBuildPhase section */
		CCE541171D7AD1B60093B9F7 /* Resources */ = {
			isa = PBXResourcesBuildPhase;
			buildActionMask = 2147483647;
			files = (
				CCE5412C1D7AD1B60093B9F7 /* LaunchScreen.storyboard in Resources */,
				CCE541291D7AD1B60093B9F7 /* Assets.xcassets in Resources */,
				CCE541821D7AD26C0093B9F7 /* LICENSE in Resources */,
				CCE541271D7AD1B60093B9F7 /* Main.storyboard in Resources */,
			);
			runOnlyForDeploymentPostprocessing = 0;
		};
		CCE541301D7AD1B60093B9F7 /* Resources */ = {
			isa = PBXResourcesBuildPhase;
			buildActionMask = 2147483647;
			files = (
			);
			runOnlyForDeploymentPostprocessing = 0;
		};
		CCE5413B1D7AD1B60093B9F7 /* Resources */ = {
			isa = PBXResourcesBuildPhase;
			buildActionMask = 2147483647;
			files = (
			);
			runOnlyForDeploymentPostprocessing = 0;
		};
/* End PBXResourcesBuildPhase section */

/* Begin PBXSourcesBuildPhase section */
		CCE541151D7AD1B60093B9F7 /* Sources */ = {
			isa = PBXSourcesBuildPhase;
			buildActionMask = 2147483647;
			files = (
				CCE5417E1D7AD26C0093B9F7 /* AFSecurityPolicy.m in Sources */,
				CCE541891D7AD26C0093B9F7 /* UIImageView+AFNetworking.m in Sources */,
				CCE541801D7AD26C0093B9F7 /* AFURLResponseSerialization.m in Sources */,
				CCE541241D7AD1B60093B9F7 /* ViewController.m in Sources */,
				CCE5418A1D7AD26C0093B9F7 /* UIProgressView+AFNetworking.m in Sources */,
				CCE541851D7AD26C0093B9F7 /* AFImageDownloader.m in Sources */,
				CCE541841D7AD26C0093B9F7 /* AFAutoPurgingImageCache.m in Sources */,
				CCE541211D7AD1B60093B9F7 /* AppDelegate.m in Sources */,
				CCE541881D7AD26C0093B9F7 /* UIButton+AFNetworking.m in Sources */,
				CCE541871D7AD26C0093B9F7 /* UIActivityIndicatorView+AFNetworking.m in Sources */,
				CCE5417C1D7AD26C0093B9F7 /* AFHTTPSessionManager.m in Sources */,
				CCE5418B1D7AD26C0093B9F7 /* UIRefreshControl+AFNetworking.m in Sources */,
				CCE541931D7AD3770093B9F7 /* NSObject+Cache.m in Sources */,
				CCE541901D7AD33C0093B9F7 /* LGNetClient.m in Sources */,
				CCE5418C1D7AD26C0093B9F7 /* UIWebView+AFNetworking.m in Sources */,
				CCE541811D7AD26C0093B9F7 /* AFURLSessionManager.m in Sources */,
				CCE5411E1D7AD1B60093B9F7 /* main.m in Sources */,
				CCE5417D1D7AD26C0093B9F7 /* AFNetworkReachabilityManager.m in Sources */,
				CCE541551D7AD2620093B9F7 /* MBProgressHUD.m in Sources */,
				CCE541831D7AD26C0093B9F7 /* README.md in Sources */,
				CCE541861D7AD26C0093B9F7 /* AFNetworkActivityIndicatorManager.m in Sources */,
				CCE5417F1D7AD26C0093B9F7 /* AFURLRequestSerialization.m in Sources */,
				CCE5419A1D7B29830093B9F7 /* LGNetManager.m in Sources */,
				CCE541971D7ADE760093B9F7 /* NSString+MD5.m in Sources */,
			);
			runOnlyForDeploymentPostprocessing = 0;
		};
		CCE5412E1D7AD1B60093B9F7 /* Sources */ = {
			isa = PBXSourcesBuildPhase;
			buildActionMask = 2147483647;
			files = (
				CCE541371D7AD1B60093B9F7 /* LGNetWorkingTests.m in Sources */,
			);
			runOnlyForDeploymentPostprocessing = 0;
		};
		CCE541391D7AD1B60093B9F7 /* Sources */ = {
			isa = PBXSourcesBuildPhase;
			buildActionMask = 2147483647;
			files = (
				CCE541421D7AD1B60093B9F7 /* LGNetWorkingUITests.m in Sources */,
			);
			runOnlyForDeploymentPostprocessing = 0;
		};
/* End PBXSourcesBuildPhase section */

/* Begin PBXTargetDependency section */
		CCE541341D7AD1B60093B9F7 /* PBXTargetDependency */ = {
			isa = PBXTargetDependency;
			target = CCE541181D7AD1B60093B9F7 /* LGNetWorking */;
			targetProxy = CCE541331D7AD1B60093B9F7 /* PBXContainerItemProxy */;
		};
		CCE5413F1D7AD1B60093B9F7 /* PBXTargetDependency */ = {
			isa = PBXTargetDependency;
			target = CCE541181D7AD1B60093B9F7 /* LGNetWorking */;
			targetProxy = CCE5413E1D7AD1B60093B9F7 /* PBXContainerItemProxy */;
		};
/* End PBXTargetDependency section */

/* Begin PBXVariantGroup section */
		CCE541251D7AD1B60093B9F7 /* Main.storyboard */ = {
			isa = PBXVariantGroup;
			children = (
				CCE541261D7AD1B60093B9F7 /* Base */,
			);
			name = Main.storyboard;
			sourceTree = "<group>";
		};
		CCE5412A1D7AD1B60093B9F7 /* LaunchScreen.storyboard */ = {
			isa = PBXVariantGroup;
			children = (
				CCE5412B1D7AD1B60093B9F7 /* Base */,
			);
			name = LaunchScreen.storyboard;
			sourceTree = "<group>";
		};
/* End PBXVariantGroup section */

/* Begin XCBuildConfiguration section */
		CCE541441D7AD1B60093B9F7 /* Debug */ = {
			isa = XCBuildConfiguration;
			buildSettings = {
				ALWAYS_SEARCH_USER_PATHS = NO;
				CLANG_ANALYZER_NONNULL = YES;
				CLANG_CXX_LANGUAGE_STANDARD = "gnu++0x";
				CLANG_CXX_LIBRARY = "libc++";
				CLANG_ENABLE_MODULES = YES;
				CLANG_ENABLE_OBJC_ARC = YES;
				CLANG_WARN_BOOL_CONVERSION = YES;
				CLANG_WARN_CONSTANT_CONVERSION = YES;
				CLANG_WARN_DIRECT_OBJC_ISA_USAGE = YES_ERROR;
				CLANG_WARN_EMPTY_BODY = YES;
				CLANG_WARN_ENUM_CONVERSION = YES;
				CLANG_WARN_INT_CONVERSION = YES;
				CLANG_WARN_OBJC_ROOT_CLASS = YES_ERROR;
				CLANG_WARN_UNREACHABLE_CODE = YES;
				CLANG_WARN__DUPLICATE_METHOD_MATCH = YES;
				"CODE_SIGN_IDENTITY[sdk=iphoneos*]" = "iPhone Developer";
				COPY_PHASE_STRIP = NO;
				DEBUG_INFORMATION_FORMAT = dwarf;
				ENABLE_STRICT_OBJC_MSGSEND = YES;
				ENABLE_TESTABILITY = YES;
				GCC_C_LANGUAGE_STANDARD = gnu99;
				GCC_DYNAMIC_NO_PIC = NO;
				GCC_NO_COMMON_BLOCKS = YES;
				GCC_OPTIMIZATION_LEVEL = 0;
				GCC_PREPROCESSOR_DEFINITIONS = (
					"DEBUG=1",
					"$(inherited)",
				);
				GCC_WARN_64_TO_32_BIT_CONVERSION = YES;
				GCC_WARN_ABOUT_RETURN_TYPE = YES_ERROR;
				GCC_WARN_UNDECLARED_SELECTOR = YES;
				GCC_WARN_UNINITIALIZED_AUTOS = YES_AGGRESSIVE;
				GCC_WARN_UNUSED_FUNCTION = YES;
				GCC_WARN_UNUSED_VARIABLE = YES;
				IPHONEOS_DEPLOYMENT_TARGET = 9.3;
				MTL_ENABLE_DEBUG_INFO = YES;
				ONLY_ACTIVE_ARCH = YES;
				SDKROOT = iphoneos;
				TARGETED_DEVICE_FAMILY = "1,2";
			};
			name = Debug;
		};
		CCE541451D7AD1B60093B9F7 /* Release */ = {
			isa = XCBuildConfiguration;
			buildSettings = {
				ALWAYS_SEARCH_USER_PATHS = NO;
				CLANG_ANALYZER_NONNULL = YES;
				CLANG_CXX_LANGUAGE_STANDARD = "gnu++0x";
				CLANG_CXX_LIBRARY = "libc++";
				CLANG_ENABLE_MODULES = YES;
				CLANG_ENABLE_OBJC_ARC = YES;
				CLANG_WARN_BOOL_CONVERSION = YES;
				CLANG_WARN_CONSTANT_CONVERSION = YES;
				CLANG_WARN_DIRECT_OBJC_ISA_USAGE = YES_ERROR;
				CLANG_WARN_EMPTY_BODY = YES;
				CLANG_WARN_ENUM_CONVERSION = YES;
				CLANG_WARN_INT_CONVERSION = YES;
				CLANG_WARN_OBJC_ROOT_CLASS = YES_ERROR;
				CLANG_WARN_UNREACHABLE_CODE = YES;
				CLANG_WARN__DUPLICATE_METHOD_MATCH = YES;
				"CODE_SIGN_IDENTITY[sdk=iphoneos*]" = "iPhone Developer";
				COPY_PHASE_STRIP = NO;
				DEBUG_INFORMATION_FORMAT = "dwarf-with-dsym";
				ENABLE_NS_ASSERTIONS = NO;
				ENABLE_STRICT_OBJC_MSGSEND = YES;
				GCC_C_LANGUAGE_STANDARD = gnu99;
				GCC_NO_COMMON_BLOCKS = YES;
				GCC_WARN_64_TO_32_BIT_CONVERSION = YES;
				GCC_WARN_ABOUT_RETURN_TYPE = YES_ERROR;
				GCC_WARN_UNDECLARED_SELECTOR = YES;
				GCC_WARN_UNINITIALIZED_AUTOS = YES_AGGRESSIVE;
				GCC_WARN_UNUSED_FUNCTION = YES;
				GCC_WARN_UNUSED_VARIABLE = YES;
				IPHONEOS_DEPLOYMENT_TARGET = 9.3;
				MTL_ENABLE_DEBUG_INFO = NO;
				SDKROOT = iphoneos;
				TARGETED_DEVICE_FAMILY = "1,2";
				VALIDATE_PRODUCT = YES;
			};
			name = Release;
		};
		CCE541471D7AD1B60093B9F7 /* Debug */ = {
			isa = XCBuildConfiguration;
			buildSettings = {
				ASSETCATALOG_COMPILER_APPICON_NAME = AppIcon;
				CLANG_ENABLE_OBJC_WEAK = YES;
				INFOPLIST_FILE = LGNetWorking/Info.plist;
				LD_RUNPATH_SEARCH_PATHS = "$(inherited) @executable_path/Frameworks";
				PRODUCT_BUNDLE_IDENTIFIER = LG.LGNetWorking;
				PRODUCT_NAME = "$(TARGET_NAME)";
			};
			name = Debug;
		};
		CCE541481D7AD1B60093B9F7 /* Release */ = {
			isa = XCBuildConfiguration;
			buildSettings = {
				ASSETCATALOG_COMPILER_APPICON_NAME = AppIcon;
				CLANG_ENABLE_OBJC_WEAK = YES;
				INFOPLIST_FILE = LGNetWorking/Info.plist;
				LD_RUNPATH_SEARCH_PATHS = "$(inherited) @executable_path/Frameworks";
				PRODUCT_BUNDLE_IDENTIFIER = LG.LGNetWorking;
				PRODUCT_NAME = "$(TARGET_NAME)";
			};
			name = Release;
		};
		CCE5414A1D7AD1B60093B9F7 /* Debug */ = {
			isa = XCBuildConfiguration;
			buildSettings = {
				BUNDLE_LOADER = "$(TEST_HOST)";
				INFOPLIST_FILE = LGNetWorkingTests/Info.plist;
				LD_RUNPATH_SEARCH_PATHS = "$(inherited) @executable_path/Frameworks @loader_path/Frameworks";
				PRODUCT_BUNDLE_IDENTIFIER = LG.LGNetWorkingTests;
				PRODUCT_NAME = "$(TARGET_NAME)";
				TEST_HOST = "$(BUILT_PRODUCTS_DIR)/LGNetWorking.app/LGNetWorking";
			};
			name = Debug;
		};
		CCE5414B1D7AD1B60093B9F7 /* Release */ = {
			isa = XCBuildConfiguration;
			buildSettings = {
				BUNDLE_LOADER = "$(TEST_HOST)";
				INFOPLIST_FILE = LGNetWorkingTests/Info.plist;
				LD_RUNPATH_SEARCH_PATHS = "$(inherited) @executable_path/Frameworks @loader_path/Frameworks";
				PRODUCT_BUNDLE_IDENTIFIER = LG.LGNetWorkingTests;
				PRODUCT_NAME = "$(TARGET_NAME)";
				TEST_HOST = "$(BUILT_PRODUCTS_DIR)/LGNetWorking.app/LGNetWorking";
			};
			name = Release;
		};
		CCE5414D1D7AD1B60093B9F7 /* Debug */ = {
			isa = XCBuildConfiguration;
			buildSettings = {
				INFOPLIST_FILE = LGNetWorkingUITests/Info.plist;
				LD_RUNPATH_SEARCH_PATHS = "$(inherited) @executable_path/Frameworks @loader_path/Frameworks";
				PRODUCT_BUNDLE_IDENTIFIER = LG.LGNetWorkingUITests;
				PRODUCT_NAME = "$(TARGET_NAME)";
				TEST_TARGET_NAME = LGNetWorking;
			};
			name = Debug;
		};
		CCE5414E1D7AD1B60093B9F7 /* Release */ = {
			isa = XCBuildConfiguration;
			buildSettings = {
				INFOPLIST_FILE = LGNetWorkingUITests/Info.plist;
				LD_RUNPATH_SEARCH_PATHS = "$(inherited) @executable_path/Frameworks @loader_path/Frameworks";
				PRODUCT_BUNDLE_IDENTIFIER = LG.LGNetWorkingUITests;
				PRODUCT_NAME = "$(TARGET_NAME)";
				TEST_TARGET_NAME = LGNetWorking;
			};
			name = Release;
		};
/* End XCBuildConfiguration section */

/* Begin XCConfigurationList section */
		CCE541141D7AD1B60093B9F7 /* Build configuration list for PBXProject "LGNetWorking" */ = {
			isa = XCConfigurationList;
			buildConfigurations = (
				CCE541441D7AD1B60093B9F7 /* Debug */,
				CCE541451D7AD1B60093B9F7 /* Release */,
			);
			defaultConfigurationIsVisible = 0;
			defaultConfigurationName = Release;
		};
		CCE541461D7AD1B60093B9F7 /* Build configuration list for PBXNativeTarget "LGNetWorking" */ = {
			isa = XCConfigurationList;
			buildConfigurations = (
				CCE541471D7AD1B60093B9F7 /* Debug */,
				CCE541481D7AD1B60093B9F7 /* Release */,
			);
			defaultConfigurationIsVisible = 0;
		};
		CCE541491D7AD1B60093B9F7 /* Build configuration list for PBXNativeTarget "LGNetWorkingTests" */ = {
			isa = XCConfigurationList;
			buildConfigurations = (
				CCE5414A1D7AD1B60093B9F7 /* Debug */,
				CCE5414B1D7AD1B60093B9F7 /* Release */,
			);
			defaultConfigurationIsVisible = 0;
		};
		CCE5414C1D7AD1B60093B9F7 /* Build configuration list for PBXNativeTarget "LGNetWorkingUITests" */ = {
			isa = XCConfigurationList;
			buildConfigurations = (
				CCE5414D1D7AD1B60093B9F7 /* Debug */,
				CCE5414E1D7AD1B60093B9F7 /* Release */,
			);
			defaultConfigurationIsVisible = 0;
		};
/* End XCConfigurationList section */
	};
	rootObject = CCE541111D7AD1B60093B9F7 /* Project object */;
}
